
Microsoft Visual Studio Solution File, Format Version 12.00
# Visual Studio 14
VisualStudioVersion = 14.0.25420.1
MinimumVisualStudioVersion = 10.0.40219.1
Project("{FAE04EC0-301F-11D3-BF4B-00C04F79EFBC}") = "AtekneaAssesment", "AtekneaAssesment\AtekneaAssesment.csproj", "{872AB5B5-86E6-486F-A16C-51E704BD4152}"
EndProject
Project("{FAE04EC0-301F-11D3-BF4B-00C04F79EFBC}") = "GraphicsAteknea", "GraphicsAteknea\GraphicsAteknea.csproj", "{E0E0531D-4EA9-4B6E-9C52-B2807BC816B9}"
EndProject
Project("{FAE04EC0-301F-11D3-BF4B-00C04F79EFBC}") = "DatabaseOperations", "DatabaseOperations\DatabaseOperations.csproj", "{B7295BAC-03F6-4728-931C-7A3B0065597D}"
EndProject
Global
	GlobalSection(SolutionConfigurationPlatforms) = preSolution
		Debug|Any CPU = Debug|Any CPU
		Release|Any CPU = Release|Any CPU
	EndGlobalSection
	GlobalSection(ProjectConfigurationPlatforms) = postSolution
		{872AB5B5-86E6-486F-A16C-51E704BD4152}.Debug|Any CPU.ActiveCfg = Debug|Any CPU
		{872AB5B5-86E6-486F-A16C-51E704BD4152}.Debug|Any CPU.Build.0 = Debug|Any CPU
		{872AB5B5-86E6-486F-A16C-51E704BD4152}.Release|Any CPU.ActiveCfg = Release|Any CPU
		{872AB5B5-86E6-486F-A16C-51E704BD4152}.Release|Any CPU.Build.0 = Release|Any CPU
		{E0E0531D-4EA9-4B6E-9C52-B2807BC816B9}.Debug|Any CPU.ActiveCfg = Debug|Any CPU
		{E0E0531D-4EA9-4B6E-9C52-B2807BC816B9}.Debug|Any CPU.Build.0 = Debug|Any CPU
		{E0E0531D-4EA9-4B6E-9C52-B2807BC816B9}.Release|Any CPU.ActiveCfg = Release|Any CPU
		{E0E0531D-4EA9-4B6E-9C52-B2807BC816B9}.Release|Any CPU.Build.0 = Release|Any CPU
		{B7295BAC-03F6-4728-931C-7A3B0065597D}.Debug|Any CPU.ActiveCfg = Debug|Any CPU
		{B7295BAC-03F6-4728-931C-7A3B0065597D}.Debug|Any CPU.Build.0 = Debug|Any CPU
		{B7295BAC-03F6-4728-931C-7A3B0065597D}.Release|Any CPU.ActiveCfg = Release|Any CPU
		{B7295BAC-03F6-4728-931C-7A3B0065597D}.Release|Any CPU.Build.0 = Release|Any CPU
	EndGlobalSection
	GlobalSection(SolutionProperties) = preSolution
		HideSolutionNode = FALSE
	EndGlobalSection
EndGlobal
